
Microsoft Visual Studio Solution File, Format Version 12.00
# Visual Studio Version 17
VisualStudioVersion = 17.0.31903.59
MinimumVisualStudioVersion = 10.0.40219.1
Project("{2150E333-8FDC-42A3-9474-1A3956D46DE8}") = "src", "src", "{827E0CD3-B72D-47B6-A68D-7590B98EB39B}"
EndProject
Project("{2150E333-8FDC-42A3-9474-1A3956D46DE8}") = "BuildingBlocks", "BuildingBlocks", "{90298CBA-BD6F-3A0A-69D5-97CAD7B05E7E}"
EndProject
Project("{FAE04EC0-301F-11D3-BF4B-00C04F79EFBC}") = "ServiceDefaults", "src\BuildingBlocks\ServiceDefaults\ServiceDefaults.csproj", "{DA23F874-71FE-444E-A45B-1B2265B86108}"
EndProject
Project("{FAE04EC0-301F-11D3-BF4B-00C04F79EFBC}") = "SharedKernel", "src\BuildingBlocks\SharedKernel\SharedKernel.csproj", "{60766246-515D-49A8-A6D2-523C1F76E8C4}"
EndProject
Project("{FAE04EC0-301F-11D3-BF4B-00C04F79EFBC}") = "Messaging", "src\BuildingBlocks\Messaging\Messaging.csproj", "{92E2E949-DEEA-4F3D-9544-296189975863}"
EndProject
Project("{FAE04EC0-301F-11D3-BF4B-00C04F79EFBC}") = "Observability", "src\BuildingBlocks\Observability\Observability.csproj", "{F9B3C0D8-0CF6-4289-8DAA-780381200A3E}"
EndProject
Project("{2150E333-8FDC-42A3-9474-1A3956D46DE8}") = "Services", "Services", "{984BB9B3-3FA3-BE33-9484-CAC21695A33C}"
EndProject
Project("{2150E333-8FDC-42A3-9474-1A3956D46DE8}") = "Identity", "Identity", "{1BFC9479-12BF-35C3-06B8-42D89D95092B}"
EndProject
Project("{FAE04EC0-301F-11D3-BF4B-00C04F79EFBC}") = "Identity.Api", "src\Services\Identity\Identity.Api\Identity.Api.csproj", "{602D8482-D269-463F-A344-1F9169EF1B02}"
EndProject
Project("{FAE04EC0-301F-11D3-BF4B-00C04F79EFBC}") = "Identity.Application", "src\Services\Identity\Identity.Application\Identity.Application.csproj", "{178F4FCC-4052-457C-BF0A-4190356B12FC}"
EndProject
Project("{FAE04EC0-301F-11D3-BF4B-00C04F79EFBC}") = "Identity.Domain", "src\Services\Identity\Identity.Domain\Identity.Domain.csproj", "{560FD7EA-9935-4D94-A022-4725F1089970}"
EndProject
Project("{FAE04EC0-301F-11D3-BF4B-00C04F79EFBC}") = "Identity.Infrastructure", "src\Services\Identity\Identity.Infrastructure\Identity.Infrastructure.csproj", "{CCFCDD21-CC93-4C23-8765-C8C7FFF77A3E}"
EndProject
Project("{2150E333-8FDC-42A3-9474-1A3956D46DE8}") = "Shipping", "Shipping", "{F17A7782-ECBD-508F-80BB-2B1954A6BA93}"
EndProject
Project("{FAE04EC0-301F-11D3-BF4B-00C04F79EFBC}") = "Shipping.Api", "src\Services\Shipping\Shipping.Api\Shipping.Api.csproj", "{590C7AA2-429D-4418-811D-8A1D6F14A2BC}"
EndProject
Project("{FAE04EC0-301F-11D3-BF4B-00C04F79EFBC}") = "Shipping.Application", "src\Services\Shipping\Shipping.Application\Shipping.Application.csproj", "{231514E5-7DAD-4093-A976-0A373CFE91F8}"
EndProject
Project("{FAE04EC0-301F-11D3-BF4B-00C04F79EFBC}") = "Shipping.Domain", "src\Services\Shipping\Shipping.Domain\Shipping.Domain.csproj", "{BF956EF2-EE2E-4C3D-858C-BF349384B62F}"
EndProject
Project("{FAE04EC0-301F-11D3-BF4B-00C04F79EFBC}") = "Shipping.Infrastructure", "src\Services\Shipping\Shipping.Infrastructure\Shipping.Infrastructure.csproj", "{81842DB4-9543-4A12-9976-46D98C5D080D}"
EndProject
Project("{FAE04EC0-301F-11D3-BF4B-00C04F79EFBC}") = "ApiGateway", "src\ApiGateway\ApiGateway.csproj", "{51B1DE4B-E900-4681-BC6F-7489E152432A}"
EndProject
Global
	GlobalSection(SolutionConfigurationPlatforms) = preSolution
		Debug|Any CPU = Debug|Any CPU
		Debug|x64 = Debug|x64
		Debug|x86 = Debug|x86
		Release|Any CPU = Release|Any CPU
		Release|x64 = Release|x64
		Release|x86 = Release|x86
	EndGlobalSection
	GlobalSection(ProjectConfigurationPlatforms) = postSolution
		{DA23F874-71FE-444E-A45B-1B2265B86108}.Debug|Any CPU.ActiveCfg = Debug|Any CPU
		{DA23F874-71FE-444E-A45B-1B2265B86108}.Debug|Any CPU.Build.0 = Debug|Any CPU
		{DA23F874-71FE-444E-A45B-1B2265B86108}.Debug|x64.ActiveCfg = Debug|Any CPU
		{DA23F874-71FE-444E-A45B-1B2265B86108}.Debug|x64.Build.0 = Debug|Any CPU
		{DA23F874-71FE-444E-A45B-1B2265B86108}.Debug|x86.ActiveCfg = Debug|Any CPU
		{DA23F874-71FE-444E-A45B-1B2265B86108}.Debug|x86.Build.0 = Debug|Any CPU
		{DA23F874-71FE-444E-A45B-1B2265B86108}.Release|Any CPU.ActiveCfg = Release|Any CPU
		{DA23F874-71FE-444E-A45B-1B2265B86108}.Release|Any CPU.Build.0 = Release|Any CPU
		{DA23F874-71FE-444E-A45B-1B2265B86108}.Release|x64.ActiveCfg = Release|Any CPU
		{DA23F874-71FE-444E-A45B-1B2265B86108}.Release|x64.Build.0 = Release|Any CPU
		{DA23F874-71FE-444E-A45B-1B2265B86108}.Release|x86.ActiveCfg = Release|Any CPU
		{DA23F874-71FE-444E-A45B-1B2265B86108}.Release|x86.Build.0 = Release|Any CPU
		{60766246-515D-49A8-A6D2-523C1F76E8C4}.Debug|Any CPU.ActiveCfg = Debug|Any CPU
		{60766246-515D-49A8-A6D2-523C1F76E8C4}.Debug|Any CPU.Build.0 = Debug|Any CPU
		{60766246-515D-49A8-A6D2-523C1F76E8C4}.Debug|x64.ActiveCfg = Debug|Any CPU
		{60766246-515D-49A8-A6D2-523C1F76E8C4}.Debug|x64.Build.0 = Debug|Any CPU
		{60766246-515D-49A8-A6D2-523C1F76E8C4}.Debug|x86.ActiveCfg = Debug|Any CPU
		{60766246-515D-49A8-A6D2-523C1F76E8C4}.Debug|x86.Build.0 = Debug|Any CPU
		{60766246-515D-49A8-A6D2-523C1F76E8C4}.Release|Any CPU.ActiveCfg = Release|Any CPU
		{60766246-515D-49A8-A6D2-523C1F76E8C4}.Release|Any CPU.Build.0 = Release|Any CPU
		{60766246-515D-49A8-A6D2-523C1F76E8C4}.Release|x64.ActiveCfg = Release|Any CPU
		{60766246-515D-49A8-A6D2-523C1F76E8C4}.Release|x64.Build.0 = Release|Any CPU
		{60766246-515D-49A8-A6D2-523C1F76E8C4}.Release|x86.ActiveCfg = Release|Any CPU
		{60766246-515D-49A8-A6D2-523C1F76E8C4}.Release|x86.Build.0 = Release|Any CPU
		{92E2E949-DEEA-4F3D-9544-296189975863}.Debug|Any CPU.ActiveCfg = Debug|Any CPU
		{92E2E949-DEEA-4F3D-9544-296189975863}.Debug|Any CPU.Build.0 = Debug|Any CPU
		{92E2E949-DEEA-4F3D-9544-296189975863}.Debug|x64.ActiveCfg = Debug|Any CPU
		{92E2E949-DEEA-4F3D-9544-296189975863}.Debug|x64.Build.0 = Debug|Any CPU
		{92E2E949-DEEA-4F3D-9544-296189975863}.Debug|x86.ActiveCfg = Debug|Any CPU
		{92E2E949-DEEA-4F3D-9544-296189975863}.Debug|x86.Build.0 = Debug|Any CPU
		{92E2E949-DEEA-4F3D-9544-296189975863}.Release|Any CPU.ActiveCfg = Release|Any CPU
		{92E2E949-DEEA-4F3D-9544-296189975863}.Release|Any CPU.Build.0 = Release|Any CPU
		{92E2E949-DEEA-4F3D-9544-296189975863}.Release|x64.ActiveCfg = Release|Any CPU
		{92E2E949-DEEA-4F3D-9544-296189975863}.Release|x64.Build.0 = Release|Any CPU
		{92E2E949-DEEA-4F3D-9544-296189975863}.Release|x86.ActiveCfg = Release|Any CPU
		{92E2E949-DEEA-4F3D-9544-296189975863}.Release|x86.Build.0 = Release|Any CPU
		{F9B3C0D8-0CF6-4289-8DAA-780381200A3E}.Debug|Any CPU.ActiveCfg = Debug|Any CPU
		{F9B3C0D8-0CF6-4289-8DAA-780381200A3E}.Debug|Any CPU.Build.0 = Debug|Any CPU
		{F9B3C0D8-0CF6-4289-8DAA-780381200A3E}.Debug|x64.ActiveCfg = Debug|Any CPU
		{F9B3C0D8-0CF6-4289-8DAA-780381200A3E}.Debug|x64.Build.0 = Debug|Any CPU
		{F9B3C0D8-0CF6-4289-8DAA-780381200A3E}.Debug|x86.ActiveCfg = Debug|Any CPU
		{F9B3C0D8-0CF6-4289-8DAA-780381200A3E}.Debug|x86.Build.0 = Debug|Any CPU
		{F9B3C0D8-0CF6-4289-8DAA-780381200A3E}.Release|Any CPU.ActiveCfg = Release|Any CPU
		{F9B3C0D8-0CF6-4289-8DAA-780381200A3E}.Release|Any CPU.Build.0 = Release|Any CPU
		{F9B3C0D8-0CF6-4289-8DAA-780381200A3E}.Release|x64.ActiveCfg = Release|Any CPU
		{F9B3C0D8-0CF6-4289-8DAA-780381200A3E}.Release|x64.Build.0 = Release|Any CPU
		{F9B3C0D8-0CF6-4289-8DAA-780381200A3E}.Release|x86.ActiveCfg = Release|Any CPU
		{F9B3C0D8-0CF6-4289-8DAA-780381200A3E}.Release|x86.Build.0 = Release|Any CPU
		{602D8482-D269-463F-A344-1F9169EF1B02}.Debug|Any CPU.ActiveCfg = Debug|Any CPU
		{602D8482-D269-463F-A344-1F9169EF1B02}.Debug|Any CPU.Build.0 = Debug|Any CPU
		{602D8482-D269-463F-A344-1F9169EF1B02}.Debug|x64.ActiveCfg = Debug|Any CPU
		{602D8482-D269-463F-A344-1F9169EF1B02}.Debug|x64.Build.0 = Debug|Any CPU
		{602D8482-D269-463F-A344-1F9169EF1B02}.Debug|x86.ActiveCfg = Debug|Any CPU
		{602D8482-D269-463F-A344-1F9169EF1B02}.Debug|x86.Build.0 = Debug|Any CPU
		{602D8482-D269-463F-A344-1F9169EF1B02}.Release|Any CPU.ActiveCfg = Release|Any CPU
		{602D8482-D269-463F-A344-1F9169EF1B02}.Release|Any CPU.Build.0 = Release|Any CPU
		{602D8482-D269-463F-A344-1F9169EF1B02}.Release|x64.ActiveCfg = Release|Any CPU
		{602D8482-D269-463F-A344-1F9169EF1B02}.Release|x64.Build.0 = Release|Any CPU
		{602D8482-D269-463F-A344-1F9169EF1B02}.Release|x86.ActiveCfg = Release|Any CPU
		{602D8482-D269-463F-A344-1F9169EF1B02}.Release|x86.Build.0 = Release|Any CPU
		{178F4FCC-4052-457C-BF0A-4190356B12FC}.Debug|Any CPU.ActiveCfg = Debug|Any CPU
		{178F4FCC-4052-457C-BF0A-4190356B12FC}.Debug|Any CPU.Build.0 = Debug|Any CPU
		{178F4FCC-4052-457C-BF0A-4190356B12FC}.Debug|x64.ActiveCfg = Debug|Any CPU
		{178F4FCC-4052-457C-BF0A-4190356B12FC}.Debug|x64.Build.0 = Debug|Any CPU
		{178F4FCC-4052-457C-BF0A-4190356B12FC}.Debug|x86.ActiveCfg = Debug|Any CPU
		{178F4FCC-4052-457C-BF0A-4190356B12FC}.Debug|x86.Build.0 = Debug|Any CPU
		{178F4FCC-4052-457C-BF0A-4190356B12FC}.Release|Any CPU.ActiveCfg = Release|Any CPU
		{178F4FCC-4052-457C-BF0A-4190356B12FC}.Release|Any CPU.Build.0 = Release|Any CPU
		{178F4FCC-4052-457C-BF0A-4190356B12FC}.Release|x64.ActiveCfg = Release|Any CPU
		{178F4FCC-4052-457C-BF0A-4190356B12FC}.Release|x64.Build.0 = Release|Any CPU
		{178F4FCC-4052-457C-BF0A-4190356B12FC}.Release|x86.ActiveCfg = Release|Any CPU
		{178F4FCC-4052-457C-BF0A-4190356B12FC}.Release|x86.Build.0 = Release|Any CPU
		{560FD7EA-9935-4D94-A022-4725F1089970}.Debug|Any CPU.ActiveCfg = Debug|Any CPU
		{560FD7EA-9935-4D94-A022-4725F1089970}.Debug|Any CPU.Build.0 = Debug|Any CPU
		{560FD7EA-9935-4D94-A022-4725F1089970}.Debug|x64.ActiveCfg = Debug|Any CPU
		{560FD7EA-9935-4D94-A022-4725F1089970}.Debug|x64.Build.0 = Debug|Any CPU
		{560FD7EA-9935-4D94-A022-4725F1089970}.Debug|x86.ActiveCfg = Debug|Any CPU
		{560FD7EA-9935-4D94-A022-4725F1089970}.Debug|x86.Build.0 = Debug|Any CPU
		{560FD7EA-9935-4D94-A022-4725F1089970}.Release|Any CPU.ActiveCfg = Release|Any CPU
		{560FD7EA-9935-4D94-A022-4725F1089970}.Release|Any CPU.Build.0 = Release|Any CPU
		{560FD7EA-9935-4D94-A022-4725F1089970}.Release|x64.ActiveCfg = Release|Any CPU
		{560FD7EA-9935-4D94-A022-4725F1089970}.Release|x64.Build.0 = Release|Any CPU
		{560FD7EA-9935-4D94-A022-4725F1089970}.Release|x86.ActiveCfg = Release|Any CPU
		{560FD7EA-9935-4D94-A022-4725F1089970}.Release|x86.Build.0 = Release|Any CPU
		{CCFCDD21-CC93-4C23-8765-C8C7FFF77A3E}.Debug|Any CPU.ActiveCfg = Debug|Any CPU
		{CCFCDD21-CC93-4C23-8765-C8C7FFF77A3E}.Debug|Any CPU.Build.0 = Debug|Any CPU
		{CCFCDD21-CC93-4C23-8765-C8C7FFF77A3E}.Debug|x64.ActiveCfg = Debug|Any CPU
		{CCFCDD21-CC93-4C23-8765-C8C7FFF77A3E}.Debug|x64.Build.0 = Debug|Any CPU
		{CCFCDD21-CC93-4C23-8765-C8C7FFF77A3E}.Debug|x86.ActiveCfg = Debug|Any CPU
		{CCFCDD21-CC93-4C23-8765-C8C7FFF77A3E}.Debug|x86.Build.0 = Debug|Any CPU
		{CCFCDD21-CC93-4C23-8765-C8C7FFF77A3E}.Release|Any CPU.ActiveCfg = Release|Any CPU
		{CCFCDD21-CC93-4C23-8765-C8C7FFF77A3E}.Release|Any CPU.Build.0 = Release|Any CPU
		{CCFCDD21-CC93-4C23-8765-C8C7FFF77A3E}.Release|x64.ActiveCfg = Release|Any CPU
		{CCFCDD21-CC93-4C23-8765-C8C7FFF77A3E}.Release|x64.Build.0 = Release|Any CPU
		{CCFCDD21-CC93-4C23-8765-C8C7FFF77A3E}.Release|x86.ActiveCfg = Release|Any CPU
		{CCFCDD21-CC93-4C23-8765-C8C7FFF77A3E}.Release|x86.Build.0 = Release|Any CPU
		{590C7AA2-429D-4418-811D-8A1D6F14A2BC}.Debug|Any CPU.ActiveCfg = Debug|Any CPU
		{590C7AA2-429D-4418-811D-8A1D6F14A2BC}.Debug|Any CPU.Build.0 = Debug|Any CPU
		{590C7AA2-429D-4418-811D-8A1D6F14A2BC}.Debug|x64.ActiveCfg = Debug|Any CPU
		{590C7AA2-429D-4418-811D-8A1D6F14A2BC}.Debug|x64.Build.0 = Debug|Any CPU
		{590C7AA2-429D-4418-811D-8A1D6F14A2BC}.Debug|x86.ActiveCfg = Debug|Any CPU
		{590C7AA2-429D-4418-811D-8A1D6F14A2BC}.Debug|x86.Build.0 = Debug|Any CPU
		{590C7AA2-429D-4418-811D-8A1D6F14A2BC}.Release|Any CPU.ActiveCfg = Release|Any CPU
		{590C7AA2-429D-4418-811D-8A1D6F14A2BC}.Release|Any CPU.Build.0 = Release|Any CPU
		{590C7AA2-429D-4418-811D-8A1D6F14A2BC}.Release|x64.ActiveCfg = Release|Any CPU
		{590C7AA2-429D-4418-811D-8A1D6F14A2BC}.Release|x64.Build.0 = Release|Any CPU
		{590C7AA2-429D-4418-811D-8A1D6F14A2BC}.Release|x86.ActiveCfg = Release|Any CPU
		{590C7AA2-429D-4418-811D-8A1D6F14A2BC}.Release|x86.Build.0 = Release|Any CPU
		{231514E5-7DAD-4093-A976-0A373CFE91F8}.Debug|Any CPU.ActiveCfg = Debug|Any CPU
		{231514E5-7DAD-4093-A976-0A373CFE91F8}.Debug|Any CPU.Build.0 = Debug|Any CPU
		{231514E5-7DAD-4093-A976-0A373CFE91F8}.Debug|x64.ActiveCfg = Debug|Any CPU
		{231514E5-7DAD-4093-A976-0A373CFE91F8}.Debug|x64.Build.0 = Debug|Any CPU
		{231514E5-7DAD-4093-A976-0A373CFE91F8}.Debug|x86.ActiveCfg = Debug|Any CPU
		{231514E5-7DAD-4093-A976-0A373CFE91F8}.Debug|x86.Build.0 = Debug|Any CPU
		{231514E5-7DAD-4093-A976-0A373CFE91F8}.Release|Any CPU.ActiveCfg = Release|Any CPU
		{231514E5-7DAD-4093-A976-0A373CFE91F8}.Release|Any CPU.Build.0 = Release|Any CPU
		{231514E5-7DAD-4093-A976-0A373CFE91F8}.Release|x64.ActiveCfg = Release|Any CPU
		{231514E5-7DAD-4093-A976-0A373CFE91F8}.Release|x64.Build.0 = Release|Any CPU
		{231514E5-7DAD-4093-A976-0A373CFE91F8}.Release|x86.ActiveCfg = Release|Any CPU
		{231514E5-7DAD-4093-A976-0A373CFE91F8}.Release|x86.Build.0 = Release|Any CPU
		{BF956EF2-EE2E-4C3D-858C-BF349384B62F}.Debug|Any CPU.ActiveCfg = Debug|Any CPU
		{BF956EF2-EE2E-4C3D-858C-BF349384B62F}.Debug|Any CPU.Build.0 = Debug|Any CPU
		{BF956EF2-EE2E-4C3D-858C-BF349384B62F}.Debug|x64.ActiveCfg = Debug|Any CPU
		{BF956EF2-EE2E-4C3D-858C-BF349384B62F}.Debug|x64.Build.0 = Debug|Any CPU
		{BF956EF2-EE2E-4C3D-858C-BF349384B62F}.Debug|x86.ActiveCfg = Debug|Any CPU
		{BF956EF2-EE2E-4C3D-858C-BF349384B62F}.Debug|x86.Build.0 = Debug|Any CPU
		{BF956EF2-EE2E-4C3D-858C-BF349384B62F}.Release|Any CPU.ActiveCfg = Release|Any CPU
		{BF956EF2-EE2E-4C3D-858C-BF349384B62F}.Release|Any CPU.Build.0 = Release|Any CPU
		{BF956EF2-EE2E-4C3D-858C-BF349384B62F}.Release|x64.ActiveCfg = Release|Any CPU
		{BF956EF2-EE2E-4C3D-858C-BF349384B62F}.Release|x64.Build.0 = Release|Any CPU
		{BF956EF2-EE2E-4C3D-858C-BF349384B62F}.Release|x86.ActiveCfg = Release|Any CPU
		{BF956EF2-EE2E-4C3D-858C-BF349384B62F}.Release|x86.Build.0 = Release|Any CPU
		{81842DB4-9543-4A12-9976-46D98C5D080D}.Debug|Any CPU.ActiveCfg = Debug|Any CPU
		{81842DB4-9543-4A12-9976-46D98C5D080D}.Debug|Any CPU.Build.0 = Debug|Any CPU
		{81842DB4-9543-4A12-9976-46D98C5D080D}.Debug|x64.ActiveCfg = Debug|Any CPU
		{81842DB4-9543-4A12-9976-46D98C5D080D}.Debug|x64.Build.0 = Debug|Any CPU
		{81842DB4-9543-4A12-9976-46D98C5D080D}.Debug|x86.ActiveCfg = Debug|Any CPU
		{81842DB4-9543-4A12-9976-46D98C5D080D}.Debug|x86.Build.0 = Debug|Any CPU
		{81842DB4-9543-4A12-9976-46D98C5D080D}.Release|Any CPU.ActiveCfg = Release|Any CPU
		{81842DB4-9543-4A12-9976-46D98C5D080D}.Release|Any CPU.Build.0 = Release|Any CPU
		{81842DB4-9543-4A12-9976-46D98C5D080D}.Release|x64.ActiveCfg = Release|Any CPU
		{81842DB4-9543-4A12-9976-46D98C5D080D}.Release|x64.Build.0 = Release|Any CPU
		{81842DB4-9543-4A12-9976-46D98C5D080D}.Release|x86.ActiveCfg = Release|Any CPU
		{81842DB4-9543-4A12-9976-46D98C5D080D}.Release|x86.Build.0 = Release|Any CPU
		{51B1DE4B-E900-4681-BC6F-7489E152432A}.Debug|Any CPU.ActiveCfg = Debug|Any CPU
		{51B1DE4B-E900-4681-BC6F-7489E152432A}.Debug|Any CPU.Build.0 = Debug|Any CPU
		{51B1DE4B-E900-4681-BC6F-7489E152432A}.Debug|x64.ActiveCfg = Debug|Any CPU
		{51B1DE4B-E900-4681-BC6F-7489E152432A}.Debug|x64.Build.0 = Debug|Any CPU
		{51B1DE4B-E900-4681-BC6F-7489E152432A}.Debug|x86.ActiveCfg = Debug|Any CPU
		{51B1DE4B-E900-4681-BC6F-7489E152432A}.Debug|x86.Build.0 = Debug|Any CPU
		{51B1DE4B-E900-4681-BC6F-7489E152432A}.Release|Any CPU.ActiveCfg = Release|Any CPU
		{51B1DE4B-E900-4681-BC6F-7489E152432A}.Release|Any CPU.Build.0 = Release|Any CPU
		{51B1DE4B-E900-4681-BC6F-7489E152432A}.Release|x64.ActiveCfg = Release|Any CPU
		{51B1DE4B-E900-4681-BC6F-7489E152432A}.Release|x64.Build.0 = Release|Any CPU
		{51B1DE4B-E900-4681-BC6F-7489E152432A}.Release|x86.ActiveCfg = Release|Any CPU
		{51B1DE4B-E900-4681-BC6F-7489E152432A}.Release|x86.Build.0 = Release|Any CPU
	EndGlobalSection
	GlobalSection(SolutionProperties) = preSolution
		HideSolutionNode = FALSE
	EndGlobalSection
	GlobalSection(NestedProjects) = preSolution
		{90298CBA-BD6F-3A0A-69D5-97CAD7B05E7E} = {827E0CD3-B72D-47B6-A68D-7590B98EB39B}
		{DA23F874-71FE-444E-A45B-1B2265B86108} = {90298CBA-BD6F-3A0A-69D5-97CAD7B05E7E}
		{60766246-515D-49A8-A6D2-523C1F76E8C4} = {90298CBA-BD6F-3A0A-69D5-97CAD7B05E7E}
		{92E2E949-DEEA-4F3D-9544-296189975863} = {90298CBA-BD6F-3A0A-69D5-97CAD7B05E7E}
		{F9B3C0D8-0CF6-4289-8DAA-780381200A3E} = {90298CBA-BD6F-3A0A-69D5-97CAD7B05E7E}
		{984BB9B3-3FA3-BE33-9484-CAC21695A33C} = {827E0CD3-B72D-47B6-A68D-7590B98EB39B}
		{1BFC9479-12BF-35C3-06B8-42D89D95092B} = {984BB9B3-3FA3-BE33-9484-CAC21695A33C}
		{602D8482-D269-463F-A344-1F9169EF1B02} = {1BFC9479-12BF-35C3-06B8-42D89D95092B}
		{178F4FCC-4052-457C-BF0A-4190356B12FC} = {1BFC9479-12BF-35C3-06B8-42D89D95092B}
		{560FD7EA-9935-4D94-A022-4725F1089970} = {1BFC9479-12BF-35C3-06B8-42D89D95092B}
		{CCFCDD21-CC93-4C23-8765-C8C7FFF77A3E} = {1BFC9479-12BF-35C3-06B8-42D89D95092B}
		{F17A7782-ECBD-508F-80BB-2B1954A6BA93} = {984BB9B3-3FA3-BE33-9484-CAC21695A33C}
		{590C7AA2-429D-4418-811D-8A1D6F14A2BC} = {F17A7782-ECBD-508F-80BB-2B1954A6BA93}
		{231514E5-7DAD-4093-A976-0A373CFE91F8} = {F17A7782-ECBD-508F-80BB-2B1954A6BA93}
		{BF956EF2-EE2E-4C3D-858C-BF349384B62F} = {F17A7782-ECBD-508F-80BB-2B1954A6BA93}
		{81842DB4-9543-4A12-9976-46D98C5D080D} = {F17A7782-ECBD-508F-80BB-2B1954A6BA93}
		{51B1DE4B-E900-4681-BC6F-7489E152432A} = {827E0CD3-B72D-47B6-A68D-7590B98EB39B}
	EndGlobalSection
EndGlobal
